// !$*UTF8*$!
{
	archiveVersion = 1;
	classes = {
	};
	objectVersion = 46;
	objects = {

/* Begin PBXBuildFile section */
		6A5BF3921CB536C700631099 /* AppDelegate.swift in Sources */ = {isa = PBXBuildFile; fileRef = 6A5BF3911CB536C700631099 /* AppDelegate.swift */; };
		6A5BF3941CB536C700631099 /* ViewController.swift in Sources */ = {isa = PBXBuildFile; fileRef = 6A5BF3931CB536C700631099 /* ViewController.swift */; };
		6A5BF3971CB536C700631099 /* Main.storyboard in Resources */ = {isa = PBXBuildFile; fileRef = 6A5BF3951CB536C700631099 /* Main.storyboard */; };
		6A5BF3991CB536C700631099 /* Assets.xcassets in Resources */ = {isa = PBXBuildFile; fileRef = 6A5BF3981CB536C700631099 /* Assets.xcassets */; };
		6A5BF39C1CB536C700631099 /* LaunchScreen.storyboard in Resources */ = {isa = PBXBuildFile; fileRef = 6A5BF39A1CB536C700631099 /* LaunchScreen.storyboard */; };
		6A5BF3A71CB536C700631099 /* AirportTests.swift in Sources */ = {isa = PBXBuildFile; fileRef = 6A5BF3A61CB536C700631099 /* AirportTests.swift */; };
		6A66468B1CBD1FB00048AC86 /* LocationCategory+CoreDataProperties.swift in Sources */ = {isa = PBXBuildFile; fileRef = 6A6646841CBD1FB00048AC86 /* LocationCategory+CoreDataProperties.swift */; };
		6A66468C1CBD1FB00048AC86 /* LocationCategory.swift in Sources */ = {isa = PBXBuildFile; fileRef = 6A6646851CBD1FB00048AC86 /* LocationCategory.swift */; };
		6A66468D1CBD1FB00048AC86 /* Airport+CoreDataProperties.swift in Sources */ = {isa = PBXBuildFile; fileRef = 6A6646861CBD1FB00048AC86 /* Airport+CoreDataProperties.swift */; };
		6A66468E1CBD1FB00048AC86 /* Airport.swift in Sources */ = {isa = PBXBuildFile; fileRef = 6A6646871CBD1FB00048AC86 /* Airport.swift */; };
		6A66468F1CBD1FB00048AC86 /* Location+CoreDataProperties.swift in Sources */ = {isa = PBXBuildFile; fileRef = 6A6646881CBD1FB00048AC86 /* Location+CoreDataProperties.swift */; };
		6A6646901CBD1FB00048AC86 /* Passenger+CoreDataProperties.swift in Sources */ = {isa = PBXBuildFile; fileRef = 6A6646891CBD1FB00048AC86 /* Passenger+CoreDataProperties.swift */; };
		6A6646911CBD1FB00048AC86 /* Category+CoreDataProperties.swift in Sources */ = {isa = PBXBuildFile; fileRef = 6A66468A1CBD1FB00048AC86 /* Category+CoreDataProperties.swift */; };
		6A802B711CB657DF006D2BE3 /* Model.xcdatamodeld in Sources */ = {isa = PBXBuildFile; fileRef = 6A802B6F1CB657DF006D2BE3 /* Model.xcdatamodeld */; };
/* End PBXBuildFile section */

/* Begin PBXContainerItemProxy section */
		6A5BF3A31CB536C700631099 /* PBXContainerItemProxy */ = {
			isa = PBXContainerItemProxy;
			containerPortal = 6A5BF3861CB536C700631099 /* Project object */;
			proxyType = 1;
			remoteGlobalIDString = 6A5BF38D1CB536C700631099;
			remoteInfo = Airport;
		};
/* End PBXContainerItemProxy section */

/* Begin PBXFileReference section */
		6A5BF38E1CB536C700631099 /* Airport.app */ = {isa = PBXFileReference; explicitFileType = wrapper.application; includeInIndex = 0; path = Airport.app; sourceTree = BUILT_PRODUCTS_DIR; };
		6A5BF3911CB536C700631099 /* AppDelegate.swift */ = {isa = PBXFileReference; lastKnownFileType = sourcecode.swift; path = AppDelegate.swift; sourceTree = "<group>"; };
		6A5BF3931CB536C700631099 /* ViewController.swift */ = {isa = PBXFileReference; lastKnownFileType = sourcecode.swift; path = ViewController.swift; sourceTree = "<group>"; };
		6A5BF3961CB536C700631099 /* Base */ = {isa = PBXFileReference; lastKnownFileType = file.storyboard; name = Base; path = Base.lproj/Main.storyboard; sourceTree = "<group>"; };
		6A5BF3981CB536C700631099 /* Assets.xcassets */ = {isa = PBXFileReference; lastKnownFileType = folder.assetcatalog; path = Assets.xcassets; sourceTree = "<group>"; };
		6A5BF39B1CB536C700631099 /* Base */ = {isa = PBXFileReference; lastKnownFileType = file.storyboard; name = Base; path = Base.lproj/LaunchScreen.storyboard; sourceTree = "<group>"; };
		6A5BF39D1CB536C700631099 /* Info.plist */ = {isa = PBXFileReference; lastKnownFileType = text.plist.xml; path = Info.plist; sourceTree = "<group>"; };
		6A5BF3A21CB536C700631099 /* AirportTests.xctest */ = {isa = PBXFileReference; explicitFileType = wrapper.cfbundle; includeInIndex = 0; path = AirportTests.xctest; sourceTree = BUILT_PRODUCTS_DIR; };
		6A5BF3A61CB536C700631099 /* AirportTests.swift */ = {isa = PBXFileReference; lastKnownFileType = sourcecode.swift; path = AirportTests.swift; sourceTree = "<group>"; };
		6A5BF3A81CB536C700631099 /* Info.plist */ = {isa = PBXFileReference; lastKnownFileType = text.plist.xml; path = Info.plist; sourceTree = "<group>"; };
		6A6646841CBD1FB00048AC86 /* LocationCategory+CoreDataProperties.swift */ = {isa = PBXFileReference; fileEncoding = 4; lastKnownFileType = sourcecode.swift; path = "LocationCategory+CoreDataProperties.swift"; sourceTree = "<group>"; };
		6A6646851CBD1FB00048AC86 /* LocationCategory.swift */ = {isa = PBXFileReference; fileEncoding = 4; lastKnownFileType = sourcecode.swift; path = LocationCategory.swift; sourceTree = "<group>"; };
		6A6646861CBD1FB00048AC86 /* Airport+CoreDataProperties.swift */ = {isa = PBXFileReference; fileEncoding = 4; lastKnownFileType = sourcecode.swift; path = "Airport+CoreDataProperties.swift"; sourceTree = "<group>"; };
		6A6646871CBD1FB00048AC86 /* Airport.swift */ = {isa = PBXFileReference; fileEncoding = 4; lastKnownFileType = sourcecode.swift; path = Airport.swift; sourceTree = "<group>"; };
		6A6646881CBD1FB00048AC86 /* Location+CoreDataProperties.swift */ = {isa = PBXFileReference; fileEncoding = 4; lastKnownFileType = sourcecode.swift; path = "Location+CoreDataProperties.swift"; sourceTree = "<group>"; };
		6A6646891CBD1FB00048AC86 /* Passenger+CoreDataProperties.swift */ = {isa = PBXFileReference; fileEncoding = 4; lastKnownFileType = sourcecode.swift; path = "Passenger+CoreDataProperties.swift"; sourceTree = "<group>"; };
		6A66468A1CBD1FB00048AC86 /* Category+CoreDataProperties.swift */ = {isa = PBXFileReference; fileEncoding = 4; lastKnownFileType = sourcecode.swift; path = "Category+CoreDataProperties.swift"; sourceTree = "<group>"; };
		6A802B701CB657DF006D2BE3 /* Model.xcdatamodel */ = {isa = PBXFileReference; lastKnownFileType = wrapper.xcdatamodel; path = Model.xcdatamodel; sourceTree = "<group>"; };
/* End PBXFileReference section */

/* Begin PBXFrameworksBuildPhase section */
		6A5BF38B1CB536C700631099 /* Frameworks */ = {
			isa = PBXFrameworksBuildPhase;
			buildActionMask = 2147483647;
			files = (
			);
			runOnlyForDeploymentPostprocessing = 0;
		};
		6A5BF39F1CB536C700631099 /* Frameworks */ = {
			isa = PBXFrameworksBuildPhase;
			buildActionMask = 2147483647;
			files = (
			);
			runOnlyForDeploymentPostprocessing = 0;
		};
/* End PBXFrameworksBuildPhase section */

/* Begin PBXGroup section */
		6A5BF3851CB536C700631099 = {
			isa = PBXGroup;
			children = (
				6A6646841CBD1FB00048AC86 /* LocationCategory+CoreDataProperties.swift */,
				6A6646851CBD1FB00048AC86 /* LocationCategory.swift */,
				6A6646861CBD1FB00048AC86 /* Airport+CoreDataProperties.swift */,
				6A6646871CBD1FB00048AC86 /* Airport.swift */,
				6A6646881CBD1FB00048AC86 /* Location+CoreDataProperties.swift */,
				6A6646891CBD1FB00048AC86 /* Passenger+CoreDataProperties.swift */,
				6A66468A1CBD1FB00048AC86 /* Category+CoreDataProperties.swift */,
				6A5BF3901CB536C700631099 /* Airport */,
				6A5BF3A51CB536C700631099 /* AirportTests */,
				6A5BF38F1CB536C700631099 /* Products */,
			);
			sourceTree = "<group>";
		};
		6A5BF38F1CB536C700631099 /* Products */ = {
			isa = PBXGroup;
			children = (
				6A5BF38E1CB536C700631099 /* Airport.app */,
				6A5BF3A21CB536C700631099 /* AirportTests.xctest */,
			);
			name = Products;
			sourceTree = "<group>";
		};
		6A5BF3901CB536C700631099 /* Airport */ = {
			isa = PBXGroup;
			children = (
				6A5BF3911CB536C700631099 /* AppDelegate.swift */,
				6A5BF3931CB536C700631099 /* ViewController.swift */,
				6A5BF3951CB536C700631099 /* Main.storyboard */,
				6A802B6F1CB657DF006D2BE3 /* Model.xcdatamodeld */,
				6A5BF3981CB536C700631099 /* Assets.xcassets */,
				6A5BF39A1CB536C700631099 /* LaunchScreen.storyboard */,
				6A5BF39D1CB536C700631099 /* Info.plist */,
			);
			path = Airport;
			sourceTree = "<group>";
		};
		6A5BF3A51CB536C700631099 /* AirportTests */ = {
			isa = PBXGroup;
			children = (
				6A5BF3A61CB536C700631099 /* AirportTests.swift */,
				6A5BF3A81CB536C700631099 /* Info.plist */,
			);
			path = AirportTests;
			sourceTree = "<group>";
		};
/* End PBXGroup section */

/* Begin PBXNativeTarget section */
		6A5BF38D1CB536C700631099 /* Airport */ = {
			isa = PBXNativeTarget;
			buildConfigurationList = 6A5BF3AB1CB536C700631099 /* Build configuration list for PBXNativeTarget "Airport" */;
			buildPhases = (
				6A5BF38A1CB536C700631099 /* Sources */,
				6A5BF38B1CB536C700631099 /* Frameworks */,
				6A5BF38C1CB536C700631099 /* Resources */,
			);
			buildRules = (
			);
			dependencies = (
			);
			name = Airport;
			productName = Airport;
			productReference = 6A5BF38E1CB536C700631099 /* Airport.app */;
			productType = "com.apple.product-type.application";
		};
		6A5BF3A11CB536C700631099 /* AirportTests */ = {
			isa = PBXNativeTarget;
			buildConfigurationList = 6A5BF3AE1CB536C700631099 /* Build configuration list for PBXNativeTarget "AirportTests" */;
			buildPhases = (
				6A5BF39E1CB536C700631099 /* Sources */,
				6A5BF39F1CB536C700631099 /* Frameworks */,
				6A5BF3A01CB536C700631099 /* Resources */,
			);
			buildRules = (
			);
			dependencies = (
				6A5BF3A41CB536C700631099 /* PBXTargetDependency */,
			);
			name = AirportTests;
			productName = AirportTests;
			productReference = 6A5BF3A21CB536C700631099 /* AirportTests.xctest */;
			productType = "com.apple.product-type.bundle.unit-test";
		};
/* End PBXNativeTarget section */

/* Begin PBXProject section */
		6A5BF3861CB536C700631099 /* Project object */ = {
			isa = PBXProject;
			attributes = {
				LastSwiftUpdateCheck = 0730;
				LastUpgradeCheck = 0730;
				ORGANIZATIONNAME = W4happiness;
				TargetAttributes = {
					6A5BF38D1CB536C700631099 = {
						CreatedOnToolsVersion = 7.3;
						DevelopmentTeam = 849G2S9K7N;
					};
					6A5BF3A11CB536C700631099 = {
						CreatedOnToolsVersion = 7.3;
						DevelopmentTeam = 849G2S9K7N;
						TestTargetID = 6A5BF38D1CB536C700631099;
					};
				};
			};
			buildConfigurationList = 6A5BF3891CB536C700631099 /* Build configuration list for PBXProject "Airport" */;
			compatibilityVersion = "Xcode 3.2";
			developmentRegion = English;
			hasScannedForEncodings = 0;
			knownRegions = (
				en,
				Base,
			);
			mainGroup = 6A5BF3851CB536C700631099;
			productRefGroup = 6A5BF38F1CB536C700631099 /* Products */;
			projectDirPath = "";
			projectRoot = "";
			targets = (
				6A5BF38D1CB536C700631099 /* Airport */,
				6A5BF3A11CB536C700631099 /* AirportTests */,
			);
		};
/* End PBXProject section */

/* Begin PBXResourcesBuildPhase section */
		6A5BF38C1CB536C700631099 /* Resources */ = {
			isa = PBXResourcesBuildPhase;
			buildActionMask = 2147483647;
			files = (
				6A5BF39C1CB536C700631099 /* LaunchScreen.storyboard in Resources */,
				6A5BF3991CB536C700631099 /* Assets.xcassets in Resources */,
				6A5BF3971CB536C700631099 /* Main.storyboard in Resources */,
			);
			runOnlyForDeploymentPostprocessing = 0;
		};
		6A5BF3A01CB536C700631099 /* Resources */ = {
			isa = PBXResourcesBuildPhase;
			buildActionMask = 2147483647;
			files = (
			);
			runOnlyForDeploymentPostprocessing = 0;
		};
/* End PBXResourcesBuildPhase section */

/* Begin PBXSourcesBuildPhase section */
		6A5BF38A1CB536C700631099 /* Sources */ = {
			isa = PBXSourcesBuildPhase;
			buildActionMask = 2147483647;
			files = (
				6A66468F1CBD1FB00048AC86 /* Location+CoreDataProperties.swift in Sources */,
				6A6646901CBD1FB00048AC86 /* Passenger+CoreDataProperties.swift in Sources */,
				6A5BF3941CB536C700631099 /* ViewController.swift in Sources */,
				6A5BF3921CB536C700631099 /* AppDelegate.swift in Sources */,
				6A66468D1CBD1FB00048AC86 /* Airport+CoreDataProperties.swift in Sources */,
				6A66468E1CBD1FB00048AC86 /* Airport.swift in Sources */,
				6A66468C1CBD1FB00048AC86 /* LocationCategory.swift in Sources */,
				6A6646911CBD1FB00048AC86 /* Category+CoreDataProperties.swift in Sources */,
				6A66468B1CBD1FB00048AC86 /* LocationCategory+CoreDataProperties.swift in Sources */,
				6A802B711CB657DF006D2BE3 /* Model.xcdatamodeld in Sources */,
			);
			runOnlyForDeploymentPostprocessing = 0;
		};
		6A5BF39E1CB536C700631099 /* Sources */ = {
			isa = PBXSourcesBuildPhase;
			buildActionMask = 2147483647;
			files = (
				6A5BF3A71CB536C700631099 /* AirportTests.swift in Sources */,
			);
			runOnlyForDeploymentPostprocessing = 0;
		};
/* End PBXSourcesBuildPhase section */

/* Begin PBXTargetDependency section */
		6A5BF3A41CB536C700631099 /* PBXTargetDependency */ = {
			isa = PBXTargetDependency;
			target = 6A5BF38D1CB536C700631099 /* Airport */;
			targetProxy = 6A5BF3A31CB536C700631099 /* PBXContainerItemProxy */;
		};
/* End PBXTargetDependency section */

/* Begin PBXVariantGroup section */
		6A5BF3951CB536C700631099 /* Main.storyboard */ = {
			isa = PBXVariantGroup;
			children = (
				6A5BF3961CB536C700631099 /* Base */,
			);
			name = Main.storyboard;
			sourceTree = "<group>";
		};
		6A5BF39A1CB536C700631099 /* LaunchScreen.storyboard */ = {
			isa = PBXVariantGroup;
			children = (
				6A5BF39B1CB536C700631099 /* Base */,
			);
			name = LaunchScreen.storyboard;
			sourceTree = "<group>";
		};
/* End PBXVariantGroup section */

/* Begin XCBuildConfiguration section */
		6A5BF3A91CB536C700631099 /* Debug */ = {
			isa = XCBuildConfiguration;
			buildSettings = {
				ALWAYS_SEARCH_USER_PATHS = NO;
				CLANG_ANALYZER_NONNULL = YES;
				CLANG_CXX_LANGUAGE_STANDARD = "gnu++0x";
				CLANG_CXX_LIBRARY = "libc++";
				CLANG_ENABLE_MODULES = YES;
				CLANG_ENABLE_OBJC_ARC = YES;
				CLANG_WARN_BOOL_CONVERSION = YES;
				CLANG_WARN_CONSTANT_CONVERSION = YES;
				CLANG_WARN_DIRECT_OBJC_ISA_USAGE = YES_ERROR;
				CLANG_WARN_EMPTY_BODY = YES;
				CLANG_WARN_ENUM_CONVERSION = YES;
				CLANG_WARN_INT_CONVERSION = YES;
				CLANG_WARN_OBJC_ROOT_CLASS = YES_ERROR;
				CLANG_WARN_UNREACHABLE_CODE = YES;
				CLANG_WARN__DUPLICATE_METHOD_MATCH = YES;
				"CODE_SIGN_IDENTITY[sdk=iphoneos*]" = "iPhone Developer";
				COPY_PHASE_STRIP = NO;
				DEBUG_INFORMATION_FORMAT = dwarf;
				ENABLE_STRICT_OBJC_MSGSEND = YES;
				ENABLE_TESTABILITY = YES;
				GCC_C_LANGUAGE_STANDARD = gnu99;
				GCC_DYNAMIC_NO_PIC = NO;
				GCC_NO_COMMON_BLOCKS = YES;
				GCC_OPTIMIZATION_LEVEL = 0;
				GCC_PREPROCESSOR_DEFINITIONS = (
					"DEBUG=1",
					"$(inherited)",
				);
				GCC_WARN_64_TO_32_BIT_CONVERSION = YES;
				GCC_WARN_ABOUT_RETURN_TYPE = YES_ERROR;
				GCC_WARN_UNDECLARED_SELECTOR = YES;
				GCC_WARN_UNINITIALIZED_AUTOS = YES_AGGRESSIVE;
				GCC_WARN_UNUSED_FUNCTION = YES;
				GCC_WARN_UNUSED_VARIABLE = YES;
				IPHONEOS_DEPLOYMENT_TARGET = 9.3;
				MTL_ENABLE_DEBUG_INFO = YES;
				ONLY_ACTIVE_ARCH = YES;
				SDKROOT = iphoneos;
				SWIFT_OPTIMIZATION_LEVEL = "-Onone";
				TARGETED_DEVICE_FAMILY = "1,2";
			};
			name = Debug;
		};
		6A5BF3AA1CB536C700631099 /* Release */ = {
			isa = XCBuildConfiguration;
			buildSettings = {
				ALWAYS_SEARCH_USER_PATHS = NO;
				CLANG_ANALYZER_NONNULL = YES;
				CLANG_CXX_LANGUAGE_STANDARD = "gnu++0x";
				CLANG_CXX_LIBRARY = "libc++";
				CLANG_ENABLE_MODULES = YES;
				CLANG_ENABLE_OBJC_ARC = YES;
				CLANG_WARN_BOOL_CONVERSION = YES;
				CLANG_WARN_CONSTANT_CONVERSION = YES;
				CLANG_WARN_DIRECT_OBJC_ISA_USAGE = YES_ERROR;
				CLANG_WARN_EMPTY_BODY = YES;
				CLANG_WARN_ENUM_CONVERSION = YES;
				CLANG_WARN_INT_CONVERSION = YES;
				CLANG_WARN_OBJC_ROOT_CLASS = YES_ERROR;
				CLANG_WARN_UNREACHABLE_CODE = YES;
				CLANG_WARN__DUPLICATE_METHOD_MATCH = YES;
				"CODE_SIGN_IDENTITY[sdk=iphoneos*]" = "iPhone Developer";
				COPY_PHASE_STRIP = NO;
				DEBUG_INFORMATION_FORMAT = "dwarf-with-dsym";
				ENABLE_NS_ASSERTIONS = NO;
				ENABLE_STRICT_OBJC_MSGSEND = YES;
				GCC_C_LANGUAGE_STANDARD = gnu99;
				GCC_NO_COMMON_BLOCKS = YES;
				GCC_WARN_64_TO_32_BIT_CONVERSION = YES;
				GCC_WARN_ABOUT_RETURN_TYPE = YES_ERROR;
				GCC_WARN_UNDECLARED_SELECTOR = YES;
				GCC_WARN_UNINITIALIZED_AUTOS = YES_AGGRESSIVE;
				GCC_WARN_UNUSED_FUNCTION = YES;
				GCC_WARN_UNUSED_VARIABLE = YES;
				IPHONEOS_DEPLOYMENT_TARGET = 9.3;
				MTL_ENABLE_DEBUG_INFO = NO;
				SDKROOT = iphoneos;
				TARGETED_DEVICE_FAMILY = "1,2";
				VALIDATE_PRODUCT = YES;
			};
			name = Release;
		};
		6A5BF3AC1CB536C700631099 /* Debug */ = {
			isa = XCBuildConfiguration;
			buildSettings = {
				CLANG_ENABLE_MODULES = YES;
				INFOPLIST_FILE = Airport/Info.plist;
				LD_RUNPATH_SEARCH_PATHS = "$(inherited) @executable_path/Frameworks";
				PRODUCT_BUNDLE_IDENTIFIER = com.w4happiness.Airport;
				PRODUCT_NAME = "$(TARGET_NAME)";
				SWIFT_OPTIMIZATION_LEVEL = "-Onone";
			};
			name = Debug;
		};
		6A5BF3AD1CB536C700631099 /* Release */ = {
			isa = XCBuildConfiguration;
			buildSettings = {
				CLANG_ENABLE_MODULES = YES;
				INFOPLIST_FILE = Airport/Info.plist;
				LD_RUNPATH_SEARCH_PATHS = "$(inherited) @executable_path/Frameworks";
				PRODUCT_BUNDLE_IDENTIFIER = com.w4happiness.Airport;
				PRODUCT_NAME = "$(TARGET_NAME)";
			};
			name = Release;
		};
		6A5BF3AF1CB536C700631099 /* Debug */ = {
			isa = XCBuildConfiguration;
			buildSettings = {
				BUNDLE_LOADER = "$(TEST_HOST)";
				INFOPLIST_FILE = AirportTests/Info.plist;
				LD_RUNPATH_SEARCH_PATHS = "$(inherited) @executable_path/Frameworks @loader_path/Frameworks";
				PRODUCT_BUNDLE_IDENTIFIER = com.w4happiness.AirportTests;
				PRODUCT_NAME = "$(TARGET_NAME)";
				TEST_HOST = "$(BUILT_PRODUCTS_DIR)/Airport.app/Airport";
			};
			name = Debug;
		};
		6A5BF3B01CB536C700631099 /* Release */ = {
			isa = XCBuildConfiguration;
			buildSettings = {
				BUNDLE_LOADER = "$(TEST_HOST)";
				INFOPLIST_FILE = AirportTests/Info.plist;
				LD_RUNPATH_SEARCH_PATHS = "$(inherited) @executable_path/Frameworks @loader_path/Frameworks";
				PRODUCT_BUNDLE_IDENTIFIER = com.w4happiness.AirportTests;
				PRODUCT_NAME = "$(TARGET_NAME)";
				TEST_HOST = "$(BUILT_PRODUCTS_DIR)/Airport.app/Airport";
			};
			name = Release;
		};
/* End XCBuildConfiguration section */

/* Begin XCConfigurationList section */
		6A5BF3891CB536C700631099 /* Build configuration list for PBXProject "Airport" */ = {
			isa = XCConfigurationList;
			buildConfigurations = (
				6A5BF3A91CB536C700631099 /* Debug */,
				6A5BF3AA1CB536C700631099 /* Release */,
			);
			defaultConfigurationIsVisible = 0;
			defaultConfigurationName = Release;
		};
		6A5BF3AB1CB536C700631099 /* Build configuration list for PBXNativeTarget "Airport" */ = {
			isa = XCConfigurationList;
			buildConfigurations = (
				6A5BF3AC1CB536C700631099 /* Debug */,
				6A5BF3AD1CB536C700631099 /* Release */,
			);
			defaultConfigurationIsVisible = 0;
			defaultConfigurationName = Release;
		};
		6A5BF3AE1CB536C700631099 /* Build configuration list for PBXNativeTarget "AirportTests" */ = {
			isa = XCConfigurationList;
			buildConfigurations = (
				6A5BF3AF1CB536C700631099 /* Debug */,
				6A5BF3B01CB536C700631099 /* Release */,
			);
			defaultConfigurationIsVisible = 0;
			defaultConfigurationName = Release;
		};
/* End XCConfigurationList section */

/* Begin XCVersionGroup section */
		6A802B6F1CB657DF006D2BE3 /* Model.xcdatamodeld */ = {
			isa = XCVersionGroup;
			children = (
				6A802B701CB657DF006D2BE3 /* Model.xcdatamodel */,
			);
			currentVersion = 6A802B701CB657DF006D2BE3 /* Model.xcdatamodel */;
			path = Model.xcdatamodeld;
			sourceTree = "<group>";
			versionGroupType = wrapper.xcdatamodel;
		};
/* End XCVersionGroup section */
	};
	rootObject = 6A5BF3861CB536C700631099 /* Project object */;
}
