// !$*UTF8*$!
{
	archiveVersion = 1;
	classes = {
	};
	objectVersion = 46;
	objects = {

/* Begin PBXBuildFile section */
		793239871CCE2AB2005A9D8A /* ServiceViewController.swift in Sources */ = {isa = PBXBuildFile; fileRef = 793239861CCE2AB2005A9D8A /* ServiceViewController.swift */; };
		79B50AB91CC96F19005A2CF9 /* SecurityViewController.swift in Sources */ = {isa = PBXBuildFile; fileRef = 79B50AB81CC96F19005A2CF9 /* SecurityViewController.swift */; };
		79E0AECC1CC95922007F1F98 /* CheckInViewController.swift in Sources */ = {isa = PBXBuildFile; fileRef = 79E0AECB1CC95922007F1F98 /* CheckInViewController.swift */; };
		79F47E001CB672B200D723C4 /* AppDelegate.swift in Sources */ = {isa = PBXBuildFile; fileRef = 79F47DFF1CB672B200D723C4 /* AppDelegate.swift */; };
		79F47E021CB672B200D723C4 /* ViewController.swift in Sources */ = {isa = PBXBuildFile; fileRef = 79F47E011CB672B200D723C4 /* ViewController.swift */; };
		79F47E051CB672B200D723C4 /* Main.storyboard in Resources */ = {isa = PBXBuildFile; fileRef = 79F47E031CB672B200D723C4 /* Main.storyboard */; };
		79F47E071CB672B200D723C4 /* Assets.xcassets in Resources */ = {isa = PBXBuildFile; fileRef = 79F47E061CB672B200D723C4 /* Assets.xcassets */; };
		79F47E0A1CB672B200D723C4 /* LaunchScreen.storyboard in Resources */ = {isa = PBXBuildFile; fileRef = 79F47E081CB672B200D723C4 /* LaunchScreen.storyboard */; };
		79F47E151CB672B200D723C4 /* AirportTests.swift in Sources */ = {isa = PBXBuildFile; fileRef = 79F47E141CB672B200D723C4 /* AirportTests.swift */; };
/* End PBXBuildFile section */

/* Begin PBXContainerItemProxy section */
		79F47E111CB672B200D723C4 /* PBXContainerItemProxy */ = {
			isa = PBXContainerItemProxy;
			containerPortal = 79F47DF41CB672B200D723C4 /* Project object */;
			proxyType = 1;
			remoteGlobalIDString = 79F47DFB1CB672B200D723C4;
			remoteInfo = Airport;
		};
/* End PBXContainerItemProxy section */

/* Begin PBXFileReference section */
		793239861CCE2AB2005A9D8A /* ServiceViewController.swift */ = {isa = PBXFileReference; fileEncoding = 4; lastKnownFileType = sourcecode.swift; path = ServiceViewController.swift; sourceTree = "<group>"; };
		79B50AB81CC96F19005A2CF9 /* SecurityViewController.swift */ = {isa = PBXFileReference; fileEncoding = 4; lastKnownFileType = sourcecode.swift; path = SecurityViewController.swift; sourceTree = "<group>"; };
		79E0AECB1CC95922007F1F98 /* CheckInViewController.swift */ = {isa = PBXFileReference; fileEncoding = 4; lastKnownFileType = sourcecode.swift; path = CheckInViewController.swift; sourceTree = "<group>"; };
		79F47DFC1CB672B200D723C4 /* Airport.app */ = {isa = PBXFileReference; explicitFileType = wrapper.application; includeInIndex = 0; path = Airport.app; sourceTree = BUILT_PRODUCTS_DIR; };
		79F47DFF1CB672B200D723C4 /* AppDelegate.swift */ = {isa = PBXFileReference; lastKnownFileType = sourcecode.swift; path = AppDelegate.swift; sourceTree = "<group>"; };
		79F47E011CB672B200D723C4 /* ViewController.swift */ = {isa = PBXFileReference; lastKnownFileType = sourcecode.swift; path = ViewController.swift; sourceTree = "<group>"; };
		79F47E041CB672B200D723C4 /* Base */ = {isa = PBXFileReference; lastKnownFileType = file.storyboard; name = Base; path = Base.lproj/Main.storyboard; sourceTree = "<group>"; };
		79F47E061CB672B200D723C4 /* Assets.xcassets */ = {isa = PBXFileReference; lastKnownFileType = folder.assetcatalog; path = Assets.xcassets; sourceTree = "<group>"; };
		79F47E091CB672B200D723C4 /* Base */ = {isa = PBXFileReference; lastKnownFileType = file.storyboard; name = Base; path = Base.lproj/LaunchScreen.storyboard; sourceTree = "<group>"; };
		79F47E0B1CB672B200D723C4 /* Info.plist */ = {isa = PBXFileReference; lastKnownFileType = text.plist.xml; path = Info.plist; sourceTree = "<group>"; };
		79F47E101CB672B200D723C4 /* AirportTests.xctest */ = {isa = PBXFileReference; explicitFileType = wrapper.cfbundle; includeInIndex = 0; path = AirportTests.xctest; sourceTree = BUILT_PRODUCTS_DIR; };
		79F47E141CB672B200D723C4 /* AirportTests.swift */ = {isa = PBXFileReference; lastKnownFileType = sourcecode.swift; path = AirportTests.swift; sourceTree = "<group>"; };
		79F47E161CB672B200D723C4 /* Info.plist */ = {isa = PBXFileReference; lastKnownFileType = text.plist.xml; path = Info.plist; sourceTree = "<group>"; };
/* End PBXFileReference section */

/* Begin PBXFrameworksBuildPhase section */
		79F47DF91CB672B200D723C4 /* Frameworks */ = {
			isa = PBXFrameworksBuildPhase;
			buildActionMask = 2147483647;
			files = (
			);
			runOnlyForDeploymentPostprocessing = 0;
		};
		79F47E0D1CB672B200D723C4 /* Frameworks */ = {
			isa = PBXFrameworksBuildPhase;
			buildActionMask = 2147483647;
			files = (
			);
			runOnlyForDeploymentPostprocessing = 0;
		};
/* End PBXFrameworksBuildPhase section */

/* Begin PBXGroup section */
		79F47DF31CB672B200D723C4 = {
			isa = PBXGroup;
			children = (
				79F47DFE1CB672B200D723C4 /* Airport */,
				79F47E131CB672B200D723C4 /* AirportTests */,
				79F47DFD1CB672B200D723C4 /* Products */,
			);
			sourceTree = "<group>";
		};
		79F47DFD1CB672B200D723C4 /* Products */ = {
			isa = PBXGroup;
			children = (
				79F47DFC1CB672B200D723C4 /* Airport.app */,
				79F47E101CB672B200D723C4 /* AirportTests.xctest */,
			);
			name = Products;
			sourceTree = "<group>";
		};
		79F47DFE1CB672B200D723C4 /* Airport */ = {
			isa = PBXGroup;
			children = (
				79F47DFF1CB672B200D723C4 /* AppDelegate.swift */,
				79F47E011CB672B200D723C4 /* ViewController.swift */,
				79F47E031CB672B200D723C4 /* Main.storyboard */,
				793239861CCE2AB2005A9D8A /* ServiceViewController.swift */,
				79B50AB81CC96F19005A2CF9 /* SecurityViewController.swift */,
				79E0AECB1CC95922007F1F98 /* CheckInViewController.swift */,
				79F47E061CB672B200D723C4 /* Assets.xcassets */,
				79F47E081CB672B200D723C4 /* LaunchScreen.storyboard */,
				79F47E0B1CB672B200D723C4 /* Info.plist */,
			);
			path = Airport;
			sourceTree = "<group>";
		};
		79F47E131CB672B200D723C4 /* AirportTests */ = {
			isa = PBXGroup;
			children = (
				79F47E141CB672B200D723C4 /* AirportTests.swift */,
				79F47E161CB672B200D723C4 /* Info.plist */,
			);
			path = AirportTests;
			sourceTree = "<group>";
		};
/* End PBXGroup section */

/* Begin PBXNativeTarget section */
		79F47DFB1CB672B200D723C4 /* Airport */ = {
			isa = PBXNativeTarget;
			buildConfigurationList = 79F47E191CB672B200D723C4 /* Build configuration list for PBXNativeTarget "Airport" */;
			buildPhases = (
				79F47DF81CB672B200D723C4 /* Sources */,
				79F47DF91CB672B200D723C4 /* Frameworks */,
				79F47DFA1CB672B200D723C4 /* Resources */,
			);
			buildRules = (
			);
			dependencies = (
			);
			name = Airport;
			productName = Airport;
			productReference = 79F47DFC1CB672B200D723C4 /* Airport.app */;
			productType = "com.apple.product-type.application";
		};
		79F47E0F1CB672B200D723C4 /* AirportTests */ = {
			isa = PBXNativeTarget;
			buildConfigurationList = 79F47E1C1CB672B200D723C4 /* Build configuration list for PBXNativeTarget "AirportTests" */;
			buildPhases = (
				79F47E0C1CB672B200D723C4 /* Sources */,
				79F47E0D1CB672B200D723C4 /* Frameworks */,
				79F47E0E1CB672B200D723C4 /* Resources */,
			);
			buildRules = (
			);
			dependencies = (
				79F47E121CB672B200D723C4 /* PBXTargetDependency */,
			);
			name = AirportTests;
			productName = AirportTests;
			productReference = 79F47E101CB672B200D723C4 /* AirportTests.xctest */;
			productType = "com.apple.product-type.bundle.unit-test";
		};
/* End PBXNativeTarget section */

/* Begin PBXProject section */
		79F47DF41CB672B200D723C4 /* Project object */ = {
			isa = PBXProject;
			attributes = {
				LastSwiftUpdateCheck = 0730;
				LastUpgradeCheck = 0730;
				ORGANIZATIONNAME = "RUBING MAO";
				TargetAttributes = {
					79F47DFB1CB672B200D723C4 = {
						CreatedOnToolsVersion = 7.3;
						DevelopmentTeam = EHB2EPC57Y;
					};
					79F47E0F1CB672B200D723C4 = {
						CreatedOnToolsVersion = 7.3;
						DevelopmentTeam = EHB2EPC57Y;
						TestTargetID = 79F47DFB1CB672B200D723C4;
					};
				};
			};
			buildConfigurationList = 79F47DF71CB672B200D723C4 /* Build configuration list for PBXProject "Airport" */;
			compatibilityVersion = "Xcode 3.2";
			developmentRegion = English;
			hasScannedForEncodings = 0;
			knownRegions = (
				en,
				Base,
			);
			mainGroup = 79F47DF31CB672B200D723C4;
			productRefGroup = 79F47DFD1CB672B200D723C4 /* Products */;
			projectDirPath = "";
			projectRoot = "";
			targets = (
				79F47DFB1CB672B200D723C4 /* Airport */,
				79F47E0F1CB672B200D723C4 /* AirportTests */,
			);
		};
/* End PBXProject section */

/* Begin PBXResourcesBuildPhase section */
		79F47DFA1CB672B200D723C4 /* Resources */ = {
			isa = PBXResourcesBuildPhase;
			buildActionMask = 2147483647;
			files = (
				79F47E0A1CB672B200D723C4 /* LaunchScreen.storyboard in Resources */,
				79F47E071CB672B200D723C4 /* Assets.xcassets in Resources */,
				79F47E051CB672B200D723C4 /* Main.storyboard in Resources */,
			);
			runOnlyForDeploymentPostprocessing = 0;
		};
		79F47E0E1CB672B200D723C4 /* Resources */ = {
			isa = PBXResourcesBuildPhase;
			buildActionMask = 2147483647;
			files = (
			);
			runOnlyForDeploymentPostprocessing = 0;
		};
/* End PBXResourcesBuildPhase section */

/* Begin PBXSourcesBuildPhase section */
		79F47DF81CB672B200D723C4 /* Sources */ = {
			isa = PBXSourcesBuildPhase;
			buildActionMask = 2147483647;
			files = (
				79F47E021CB672B200D723C4 /* ViewController.swift in Sources */,
				79E0AECC1CC95922007F1F98 /* CheckInViewController.swift in Sources */,
				79B50AB91CC96F19005A2CF9 /* SecurityViewController.swift in Sources */,
				79F47E001CB672B200D723C4 /* AppDelegate.swift in Sources */,
				793239871CCE2AB2005A9D8A /* ServiceViewController.swift in Sources */,
			);
			runOnlyForDeploymentPostprocessing = 0;
		};
		79F47E0C1CB672B200D723C4 /* Sources */ = {
			isa = PBXSourcesBuildPhase;
			buildActionMask = 2147483647;
			files = (
				79F47E151CB672B200D723C4 /* AirportTests.swift in Sources */,
			);
			runOnlyForDeploymentPostprocessing = 0;
		};
/* End PBXSourcesBuildPhase section */

/* Begin PBXTargetDependency section */
		79F47E121CB672B200D723C4 /* PBXTargetDependency */ = {
			isa = PBXTargetDependency;
			target = 79F47DFB1CB672B200D723C4 /* Airport */;
			targetProxy = 79F47E111CB672B200D723C4 /* PBXContainerItemProxy */;
		};
/* End PBXTargetDependency section */

/* Begin PBXVariantGroup section */
		79F47E031CB672B200D723C4 /* Main.storyboard */ = {
			isa = PBXVariantGroup;
			children = (
				79F47E041CB672B200D723C4 /* Base */,
			);
			name = Main.storyboard;
			sourceTree = "<group>";
		};
		79F47E081CB672B200D723C4 /* LaunchScreen.storyboard */ = {
			isa = PBXVariantGroup;
			children = (
				79F47E091CB672B200D723C4 /* Base */,
			);
			name = LaunchScreen.storyboard;
			sourceTree = "<group>";
		};
/* End PBXVariantGroup section */

/* Begin XCBuildConfiguration section */
		79F47E171CB672B200D723C4 /* Debug */ = {
			isa = XCBuildConfiguration;
			buildSettings = {
				ALWAYS_SEARCH_USER_PATHS = NO;
				CLANG_ANALYZER_NONNULL = YES;
				CLANG_CXX_LANGUAGE_STANDARD = "gnu++0x";
				CLANG_CXX_LIBRARY = "libc++";
				CLANG_ENABLE_MODULES = YES;
				CLANG_ENABLE_OBJC_ARC = YES;
				CLANG_WARN_BOOL_CONVERSION = YES;
				CLANG_WARN_CONSTANT_CONVERSION = YES;
				CLANG_WARN_DIRECT_OBJC_ISA_USAGE = YES_ERROR;
				CLANG_WARN_EMPTY_BODY = YES;
				CLANG_WARN_ENUM_CONVERSION = YES;
				CLANG_WARN_INT_CONVERSION = YES;
				CLANG_WARN_OBJC_ROOT_CLASS = YES_ERROR;
				CLANG_WARN_UNREACHABLE_CODE = YES;
				CLANG_WARN__DUPLICATE_METHOD_MATCH = YES;
				"CODE_SIGN_IDENTITY[sdk=iphoneos*]" = "iPhone Developer";
				COPY_PHASE_STRIP = NO;
				DEBUG_INFORMATION_FORMAT = dwarf;
				ENABLE_STRICT_OBJC_MSGSEND = YES;
				ENABLE_TESTABILITY = YES;
				GCC_C_LANGUAGE_STANDARD = gnu99;
				GCC_DYNAMIC_NO_PIC = NO;
				GCC_NO_COMMON_BLOCKS = YES;
				GCC_OPTIMIZATION_LEVEL = 0;
				GCC_PREPROCESSOR_DEFINITIONS = (
					"DEBUG=1",
					"$(inherited)",
				);
				GCC_WARN_64_TO_32_BIT_CONVERSION = YES;
				GCC_WARN_ABOUT_RETURN_TYPE = YES_ERROR;
				GCC_WARN_UNDECLARED_SELECTOR = YES;
				GCC_WARN_UNINITIALIZED_AUTOS = YES_AGGRESSIVE;
				GCC_WARN_UNUSED_FUNCTION = YES;
				GCC_WARN_UNUSED_VARIABLE = YES;
				IPHONEOS_DEPLOYMENT_TARGET = 9.3;
				MTL_ENABLE_DEBUG_INFO = YES;
				ONLY_ACTIVE_ARCH = YES;
				SDKROOT = iphoneos;
				SWIFT_OPTIMIZATION_LEVEL = "-Onone";
				TARGETED_DEVICE_FAMILY = "1,2";
			};
			name = Debug;
		};
		79F47E181CB672B200D723C4 /* Release */ = {
			isa = XCBuildConfiguration;
			buildSettings = {
				ALWAYS_SEARCH_USER_PATHS = NO;
				CLANG_ANALYZER_NONNULL = YES;
				CLANG_CXX_LANGUAGE_STANDARD = "gnu++0x";
				CLANG_CXX_LIBRARY = "libc++";
				CLANG_ENABLE_MODULES = YES;
				CLANG_ENABLE_OBJC_ARC = YES;
				CLANG_WARN_BOOL_CONVERSION = YES;
				CLANG_WARN_CONSTANT_CONVERSION = YES;
				CLANG_WARN_DIRECT_OBJC_ISA_USAGE = YES_ERROR;
				CLANG_WARN_EMPTY_BODY = YES;
				CLANG_WARN_ENUM_CONVERSION = YES;
				CLANG_WARN_INT_CONVERSION = YES;
				CLANG_WARN_OBJC_ROOT_CLASS = YES_ERROR;
				CLANG_WARN_UNREACHABLE_CODE = YES;
				CLANG_WARN__DUPLICATE_METHOD_MATCH = YES;
				"CODE_SIGN_IDENTITY[sdk=iphoneos*]" = "iPhone Developer";
				COPY_PHASE_STRIP = NO;
				DEBUG_INFORMATION_FORMAT = "dwarf-with-dsym";
				ENABLE_NS_ASSERTIONS = NO;
				ENABLE_STRICT_OBJC_MSGSEND = YES;
				GCC_C_LANGUAGE_STANDARD = gnu99;
				GCC_NO_COMMON_BLOCKS = YES;
				GCC_WARN_64_TO_32_BIT_CONVERSION = YES;
				GCC_WARN_ABOUT_RETURN_TYPE = YES_ERROR;
				GCC_WARN_UNDECLARED_SELECTOR = YES;
				GCC_WARN_UNINITIALIZED_AUTOS = YES_AGGRESSIVE;
				GCC_WARN_UNUSED_FUNCTION = YES;
				GCC_WARN_UNUSED_VARIABLE = YES;
				IPHONEOS_DEPLOYMENT_TARGET = 9.3;
				MTL_ENABLE_DEBUG_INFO = NO;
				SDKROOT = iphoneos;
				TARGETED_DEVICE_FAMILY = "1,2";
				VALIDATE_PRODUCT = YES;
			};
			name = Release;
		};
		79F47E1A1CB672B200D723C4 /* Debug */ = {
			isa = XCBuildConfiguration;
			buildSettings = {
				ASSETCATALOG_COMPILER_APPICON_NAME = AppIcon;
				INFOPLIST_FILE = Airport/Info.plist;
				LD_RUNPATH_SEARCH_PATHS = "$(inherited) @executable_path/Frameworks";
				PRODUCT_BUNDLE_IDENTIFIER = RubingMao.Airport;
				PRODUCT_NAME = "$(TARGET_NAME)";
			};
			name = Debug;
		};
		79F47E1B1CB672B200D723C4 /* Release */ = {
			isa = XCBuildConfiguration;
			buildSettings = {
				ASSETCATALOG_COMPILER_APPICON_NAME = AppIcon;
				INFOPLIST_FILE = Airport/Info.plist;
				LD_RUNPATH_SEARCH_PATHS = "$(inherited) @executable_path/Frameworks";
				PRODUCT_BUNDLE_IDENTIFIER = RubingMao.Airport;
				PRODUCT_NAME = "$(TARGET_NAME)";
			};
			name = Release;
		};
		79F47E1D1CB672B200D723C4 /* Debug */ = {
			isa = XCBuildConfiguration;
			buildSettings = {
				BUNDLE_LOADER = "$(TEST_HOST)";
				INFOPLIST_FILE = AirportTests/Info.plist;
				LD_RUNPATH_SEARCH_PATHS = "$(inherited) @executable_path/Frameworks @loader_path/Frameworks";
				PRODUCT_BUNDLE_IDENTIFIER = RubingMao.AirportTests;
				PRODUCT_NAME = "$(TARGET_NAME)";
				TEST_HOST = "$(BUILT_PRODUCTS_DIR)/Airport.app/Airport";
			};
			name = Debug;
		};
		79F47E1E1CB672B200D723C4 /* Release */ = {
			isa = XCBuildConfiguration;
			buildSettings = {
				BUNDLE_LOADER = "$(TEST_HOST)";
				INFOPLIST_FILE = AirportTests/Info.plist;
				LD_RUNPATH_SEARCH_PATHS = "$(inherited) @executable_path/Frameworks @loader_path/Frameworks";
				PRODUCT_BUNDLE_IDENTIFIER = RubingMao.AirportTests;
				PRODUCT_NAME = "$(TARGET_NAME)";
				TEST_HOST = "$(BUILT_PRODUCTS_DIR)/Airport.app/Airport";
			};
			name = Release;
		};
/* End XCBuildConfiguration section */

/* Begin XCConfigurationList section */
		79F47DF71CB672B200D723C4 /* Build configuration list for PBXProject "Airport" */ = {
			isa = XCConfigurationList;
			buildConfigurations = (
				79F47E171CB672B200D723C4 /* Debug */,
				79F47E181CB672B200D723C4 /* Release */,
			);
			defaultConfigurationIsVisible = 0;
			defaultConfigurationName = Release;
		};
		79F47E191CB672B200D723C4 /* Build configuration list for PBXNativeTarget "Airport" */ = {
			isa = XCConfigurationList;
			buildConfigurations = (
				79F47E1A1CB672B200D723C4 /* Debug */,
				79F47E1B1CB672B200D723C4 /* Release */,
			);
			defaultConfigurationIsVisible = 0;
			defaultConfigurationName = Release;
		};
		79F47E1C1CB672B200D723C4 /* Build configuration list for PBXNativeTarget "AirportTests" */ = {
			isa = XCConfigurationList;
			buildConfigurations = (
				79F47E1D1CB672B200D723C4 /* Debug */,
				79F47E1E1CB672B200D723C4 /* Release */,
			);
			defaultConfigurationIsVisible = 0;
			defaultConfigurationName = Release;
		};
/* End XCConfigurationList section */
	};
	rootObject = 79F47DF41CB672B200D723C4 /* Project object */;
}
